
Microsoft Visual Studio Solution File, Format Version 12.00
# Visual Studio Version 17
VisualStudioVersion = 17.7.34031.279
MinimumVisualStudioVersion = 10.0.40219.1
Project("{9A19103F-16F7-4668-BE54-9A1E7A4F7556}") = "BupaCodingChallenge", "BupaCodingChallenge.csproj", "{404D68F2-AF1F-4965-AFCF-AAA8AB71F882}"
EndProject
Project("{9A19103F-16F7-4668-BE54-9A1E7A4F7556}") = "BupaCodingChallengeTest", "..\BupaCodingChallengeTest\BupaCodingChallengeTest.csproj", "{07C05262-BB38-4B8F-8409-9FCB5D2A457A}"
EndProject
Project("{FAE04EC0-301F-11D3-BF4B-00C04F79EFBC}") = "BupaCodingChallengeSpecflow", "..\BupaCodingChallengeSpecflow\BupaCodingChallengeSpecflow.csproj", "{1A4C30E4-0634-40B5-B49D-9730890069A5}"
EndProject
Global
	GlobalSection(SolutionConfigurationPlatforms) = preSolution
		Debug|Any CPU = Debug|Any CPU
		Release|Any CPU = Release|Any CPU
	EndGlobalSection
	GlobalSection(ProjectConfigurationPlatforms) = postSolution
		{404D68F2-AF1F-4965-AFCF-AAA8AB71F882}.Debug|Any CPU.ActiveCfg = Debug|Any CPU
		{404D68F2-AF1F-4965-AFCF-AAA8AB71F882}.Debug|Any CPU.Build.0 = Debug|Any CPU
		{404D68F2-AF1F-4965-AFCF-AAA8AB71F882}.Release|Any CPU.ActiveCfg = Release|Any CPU
		{404D68F2-AF1F-4965-AFCF-AAA8AB71F882}.Release|Any CPU.Build.0 = Release|Any CPU
		{07C05262-BB38-4B8F-8409-9FCB5D2A457A}.Debug|Any CPU.ActiveCfg = Debug|Any CPU
		{07C05262-BB38-4B8F-8409-9FCB5D2A457A}.Debug|Any CPU.Build.0 = Debug|Any CPU
		{07C05262-BB38-4B8F-8409-9FCB5D2A457A}.Release|Any CPU.ActiveCfg = Release|Any CPU
		{07C05262-BB38-4B8F-8409-9FCB5D2A457A}.Release|Any CPU.Build.0 = Release|Any CPU
		{1A4C30E4-0634-40B5-B49D-9730890069A5}.Debug|Any CPU.ActiveCfg = Debug|Any CPU
		{1A4C30E4-0634-40B5-B49D-9730890069A5}.Debug|Any CPU.Build.0 = Debug|Any CPU
		{1A4C30E4-0634-40B5-B49D-9730890069A5}.Release|Any CPU.ActiveCfg = Release|Any CPU
		{1A4C30E4-0634-40B5-B49D-9730890069A5}.Release|Any CPU.Build.0 = Release|Any CPU
	EndGlobalSection
	GlobalSection(SolutionProperties) = preSolution
		HideSolutionNode = FALSE
	EndGlobalSection
	GlobalSection(ExtensibilityGlobals) = postSolution
		SolutionGuid = {ECC1A01F-E714-4EF0-BA1C-DDA82BA36971}
	EndGlobalSection
EndGlobal
